
Microsoft Visual Studio Solution File, Format Version 12.00
# Visual Studio Version 17
VisualStudioVersion = 17.9.34622.214
MinimumVisualStudioVersion = 10.0.40219.1
Project("{FAE04EC0-301F-11D3-BF4B-00C04F79EFBC}") = "Act", "Act\Act.csproj", "{519690CE-E61F-4E42-969C-738FA7DC3A01}"
EndProject
Global
	GlobalSection(SolutionConfigurationPlatforms) = preSolution
		Debug|Any CPU = Debug|Any CPU
		Release|Any CPU = Release|Any CPU
	EndGlobalSection
	GlobalSection(ProjectConfigurationPlatforms) = postSolution
		{519690CE-E61F-4E42-969C-738FA7DC3A01}.Debug|Any CPU.ActiveCfg = Debug|Any CPU
		{519690CE-E61F-4E42-969C-738FA7DC3A01}.Debug|Any CPU.Build.0 = Debug|Any CPU
		{519690CE-E61F-4E42-969C-738FA7DC3A01}.Release|Any CPU.ActiveCfg = Release|Any CPU
		{519690CE-E61F-4E42-969C-738FA7DC3A01}.Release|Any CPU.Build.0 = Release|Any CPU
	EndGlobalSection
	GlobalSection(SolutionProperties) = preSolution
		HideSolutionNode = FALSE
	EndGlobalSection
	GlobalSection(ExtensibilityGlobals) = postSolution
		SolutionGuid = {C06F1288-09D3-48FE-A8BB-22FD2F354053}
	EndGlobalSection
EndGlobal
